# THIS IS AN AUTOGENERATED FILE. DO NOT EDIT THIS FILE DIRECTLY.
# yarn lockfile v1


"@esbuild-plugins/node-modules-polyfill@^0.2.2":
  version "0.2.2"
  resolved "https://registry.yarnpkg.com/@esbuild-plugins/node-modules-polyfill/-/node-modules-polyfill-0.2.2.tgz#cefa3dc0bd1c16277a8338b52833420c94987327"
  integrity sha512-LXV7QsWJxRuMYvKbiznh+U1ilIop3g2TeKRzUxOG5X3YITc8JyyTa90BmLwqqv0YnX4v32CSlG+vsziZp9dMvA==
  dependencies:
    escape-string-regexp "^4.0.0"
    rollup-plugin-node-polyfills "^0.2.1"

"@esbuild/android-arm64@0.19.5":
  version "0.19.5"
  resolved "https://registry.yarnpkg.com/@esbuild/android-arm64/-/android-arm64-0.19.5.tgz#276c5f99604054d3dbb733577e09adae944baa90"
  integrity sha512-5d1OkoJxnYQfmC+Zd8NBFjkhyCNYwM4n9ODrycTFY6Jk1IGiZ+tjVJDDSwDt77nK+tfpGP4T50iMtVi4dEGzhQ==

"@esbuild/android-arm@0.19.5":
  version "0.19.5"
  resolved "https://registry.yarnpkg.com/@esbuild/android-arm/-/android-arm-0.19.5.tgz#4a3cbf14758166abaae8ba9c01a80e68342a4eec"
  integrity sha512-bhvbzWFF3CwMs5tbjf3ObfGqbl/17ict2/uwOSfr3wmxDE6VdS2GqY/FuzIPe0q0bdhj65zQsvqfArI9MY6+AA==

"@esbuild/android-x64@0.19.5":
  version "0.19.5"
  resolved "https://registry.yarnpkg.com/@esbuild/android-x64/-/android-x64-0.19.5.tgz#21a3d11cd4613d2d3c5ccb9e746c254eb9265b0a"
  integrity sha512-9t+28jHGL7uBdkBjL90QFxe7DVA+KGqWlHCF8ChTKyaKO//VLuoBricQCgwhOjA1/qOczsw843Fy4cbs4H3DVA==

"@esbuild/darwin-arm64@0.19.5":
  version "0.19.5"
  resolved "https://registry.yarnpkg.com/@esbuild/darwin-arm64/-/darwin-arm64-0.19.5.tgz#714cb839f467d6a67b151ee8255886498e2b9bf6"
  integrity sha512-mvXGcKqqIqyKoxq26qEDPHJuBYUA5KizJncKOAf9eJQez+L9O+KfvNFu6nl7SCZ/gFb2QPaRqqmG0doSWlgkqw==

"@esbuild/darwin-x64@0.19.5":
  version "0.19.5"
  resolved "https://registry.yarnpkg.com/@esbuild/darwin-x64/-/darwin-x64-0.19.5.tgz#2c553e97a6d2b4ae76a884e35e6cbab85a990bbf"
  integrity sha512-Ly8cn6fGLNet19s0X4unjcniX24I0RqjPv+kurpXabZYSXGM4Pwpmf85WHJN3lAgB8GSth7s5A0r856S+4DyiA==

"@esbuild/freebsd-arm64@0.19.5":
  version "0.19.5"
  resolved "https://registry.yarnpkg.com/@esbuild/freebsd-arm64/-/freebsd-arm64-0.19.5.tgz#d554f556718adb31917a0da24277bf84b6ee87f3"
  integrity sha512-GGDNnPWTmWE+DMchq1W8Sd0mUkL+APvJg3b11klSGUDvRXh70JqLAO56tubmq1s2cgpVCSKYywEiKBfju8JztQ==

"@esbuild/freebsd-x64@0.19.5":
  version "0.19.5"
  resolved "https://registry.yarnpkg.com/@esbuild/freebsd-x64/-/freebsd-x64-0.19.5.tgz#288f7358a3bb15d99e73c65c9adaa3dabb497432"
  integrity sha512-1CCwDHnSSoA0HNwdfoNY0jLfJpd7ygaLAp5EHFos3VWJCRX9DMwWODf96s9TSse39Br7oOTLryRVmBoFwXbuuQ==

"@esbuild/linux-arm64@0.19.5":
  version "0.19.5"
  resolved "https://registry.yarnpkg.com/@esbuild/linux-arm64/-/linux-arm64-0.19.5.tgz#95933ae86325c93cb6b5e8333d22120ecfdc901b"
  integrity sha512-o3vYippBmSrjjQUCEEiTZ2l+4yC0pVJD/Dl57WfPwwlvFkrxoSO7rmBZFii6kQB3Wrn/6GwJUPLU5t52eq2meA==

"@esbuild/linux-arm@0.19.5":
  version "0.19.5"
  resolved "https://registry.yarnpkg.com/@esbuild/linux-arm/-/linux-arm-0.19.5.tgz#0acef93aa3e0579e46d33b666627bddb06636664"
  integrity sha512-lrWXLY/vJBzCPC51QN0HM71uWgIEpGSjSZZADQhq7DKhPcI6NH1IdzjfHkDQws2oNpJKpR13kv7/pFHBbDQDwQ==

"@esbuild/linux-ia32@0.19.5":
  version "0.19.5"
  resolved "https://registry.yarnpkg.com/@esbuild/linux-ia32/-/linux-ia32-0.19.5.tgz#b6e5c9e80b42131cbd6b1ddaa48c92835f1ed67f"
  integrity sha512-MkjHXS03AXAkNp1KKkhSKPOCYztRtK+KXDNkBa6P78F8Bw0ynknCSClO/ztGszILZtyO/lVKpa7MolbBZ6oJtQ==

"@esbuild/linux-loong64@0.19.5":
  version "0.19.5"
  resolved "https://registry.yarnpkg.com/@esbuild/linux-loong64/-/linux-loong64-0.19.5.tgz#e5f0cf95a180158b01ff5f417da796a1c09dfbea"
  integrity sha512-42GwZMm5oYOD/JHqHska3Jg0r+XFb/fdZRX+WjADm3nLWLcIsN27YKtqxzQmGNJgu0AyXg4HtcSK9HuOk3v1Dw==

"@esbuild/linux-mips64el@0.19.5":
  version "0.19.5"
  resolved "https://registry.yarnpkg.com/@esbuild/linux-mips64el/-/linux-mips64el-0.19.5.tgz#ae36fb86c7d5f641f3a0c8472e83dcb6ea36a408"
  integrity sha512-kcjndCSMitUuPJobWCnwQ9lLjiLZUR3QLQmlgaBfMX23UEa7ZOrtufnRds+6WZtIS9HdTXqND4yH8NLoVVIkcg==

"@esbuild/linux-ppc64@0.19.5":
  version "0.19.5"
  resolved "https://registry.yarnpkg.com/@esbuild/linux-ppc64/-/linux-ppc64-0.19.5.tgz#7960cb1666f0340ddd9eef7b26dcea3835d472d0"
  integrity sha512-yJAxJfHVm0ZbsiljbtFFP1BQKLc8kUF6+17tjQ78QjqjAQDnhULWiTA6u0FCDmYT1oOKS9PzZ2z0aBI+Mcyj7Q==

"@esbuild/linux-riscv64@0.19.5":
  version "0.19.5"
  resolved "https://registry.yarnpkg.com/@esbuild/linux-riscv64/-/linux-riscv64-0.19.5.tgz#32207df26af60a3a9feea1783fc21b9817bade19"
  integrity sha512-5u8cIR/t3gaD6ad3wNt1MNRstAZO+aNyBxu2We8X31bA8XUNyamTVQwLDA1SLoPCUehNCymhBhK3Qim1433Zag==

"@esbuild/linux-s390x@0.19.5":
  version "0.19.5"
  resolved "https://registry.yarnpkg.com/@esbuild/linux-s390x/-/linux-s390x-0.19.5.tgz#b38d5681db89a3723862dfa792812397b1510a7d"
  integrity sha512-Z6JrMyEw/EmZBD/OFEFpb+gao9xJ59ATsoTNlj39jVBbXqoZm4Xntu6wVmGPB/OATi1uk/DB+yeDPv2E8PqZGw==

"@esbuild/linux-x64@0.19.5":
  version "0.19.5"
  resolved "https://registry.yarnpkg.com/@esbuild/linux-x64/-/linux-x64-0.19.5.tgz#46feba2ad041a241379d150f415b472fe3885075"
  integrity sha512-psagl+2RlK1z8zWZOmVdImisMtrUxvwereIdyJTmtmHahJTKb64pAcqoPlx6CewPdvGvUKe2Jw+0Z/0qhSbG1A==

"@esbuild/netbsd-x64@0.19.5":
  version "0.19.5"
  resolved "https://registry.yarnpkg.com/@esbuild/netbsd-x64/-/netbsd-x64-0.19.5.tgz#3b5c1fb068f26bfc681d31f682adf1bea4ef0702"
  integrity sha512-kL2l+xScnAy/E/3119OggX8SrWyBEcqAh8aOY1gr4gPvw76la2GlD4Ymf832UCVbmuWeTf2adkZDK+h0Z/fB4g==

"@esbuild/openbsd-x64@0.19.5":
  version "0.19.5"
  resolved "https://registry.yarnpkg.com/@esbuild/openbsd-x64/-/openbsd-x64-0.19.5.tgz#ca6830316ca68056c5c88a875f103ad3235e00db"
  integrity sha512-sPOfhtzFufQfTBgRnE1DIJjzsXukKSvZxloZbkJDG383q0awVAq600pc1nfqBcl0ice/WN9p4qLc39WhBShRTA==

"@esbuild/sunos-x64@0.19.5":
  version "0.19.5"
  resolved "https://registry.yarnpkg.com/@esbuild/sunos-x64/-/sunos-x64-0.19.5.tgz#9efc4eb9539a7be7d5a05ada52ee43cda0d8e2dd"
  integrity sha512-dGZkBXaafuKLpDSjKcB0ax0FL36YXCvJNnztjKV+6CO82tTYVDSH2lifitJ29jxRMoUhgkg9a+VA/B03WK5lcg==

"@esbuild/win32-arm64@0.19.5":
  version "0.19.5"
  resolved "https://registry.yarnpkg.com/@esbuild/win32-arm64/-/win32-arm64-0.19.5.tgz#29f8184afa7a02a956ebda4ed638099f4b8ff198"
  integrity sha512-dWVjD9y03ilhdRQ6Xig1NWNgfLtf2o/STKTS+eZuF90fI2BhbwD6WlaiCGKptlqXlURVB5AUOxUj09LuwKGDTg==

"@esbuild/win32-ia32@0.19.5":
  version "0.19.5"
  resolved "https://registry.yarnpkg.com/@esbuild/win32-ia32/-/win32-ia32-0.19.5.tgz#f3de07afb292ecad651ae4bb8727789de2d95b05"
  integrity sha512-4liggWIA4oDgUxqpZwrDhmEfAH4d0iljanDOK7AnVU89T6CzHon/ony8C5LeOdfgx60x5cnQJFZwEydVlYx4iw==

"@esbuild/win32-x64@0.19.5":
  version "0.19.5"
  resolved "https://registry.yarnpkg.com/@esbuild/win32-x64/-/win32-x64-0.19.5.tgz#faad84c41ba12e3a0acb52571df9bff37bee75f6"
  integrity sha512-czTrygUsB/jlM8qEW5MD8bgYU2Xg14lo6kBDXW6HdxKjh8M5PzETGiSHaz9MtbXBYDloHNUAUW2tMiKW4KM9Mw==

"@types/d3-array@*":
  version "3.0.9"
  resolved "https://registry.yarnpkg.com/@types/d3-array/-/d3-array-3.0.9.tgz#54feabd29d1f15940d422c16008c63c1e4e3d188"
  integrity sha512-mZowFN3p64ajCJJ4riVYlOjNlBJv3hctgAY01pjw3qTnJePD8s9DZmYDzhHKvzfCYvdjwylkU38+Vdt7Cu2FDA==

"@types/d3-axis@*":
  version "3.0.5"
  resolved "https://registry.yarnpkg.com/@types/d3-axis/-/d3-axis-3.0.5.tgz#39e2f355da2cde9a8e8bb71907cdf6f4005f6a7b"
  integrity sha512-ufDAV3SQzju+uB3Jlty7SUb/jMigjpIlvDDcSGvGmmO6OT/sNO93UE0dRzwWOZeBLzrLSA0CQM4bf3iq1std3A==
  dependencies:
    "@types/d3-selection" "*"

"@types/d3-brush@*":
  version "3.0.5"
  resolved "https://registry.yarnpkg.com/@types/d3-brush/-/d3-brush-3.0.5.tgz#94d869e11d7d28dee7e68eee080fa8aa0b9371ca"
  integrity sha512-JROQXZNq1X6QdWstESDUv1VilwZ2hBCQnWB91yal+5yZvYwGQvYsGCjrkHGfKK/8/AcX1JnERmpQzdDDuLRUsA==
  dependencies:
    "@types/d3-selection" "*"

"@types/d3-chord@*":
  version "3.0.5"
  resolved "https://registry.yarnpkg.com/@types/d3-chord/-/d3-chord-3.0.5.tgz#528f22907c3b6deaa0151babcafa04adaf573c48"
  integrity sha512-rs26AIhJjtc+XLR4YQU8IjPTLOlDVO4PR1y+pVFYEHzKh2tE5tYz3MF4QV6iz7HboXQEaYpJQt8dH9uUkne8yA==

"@types/d3-color@*":
  version "3.1.2"
  resolved "https://registry.yarnpkg.com/@types/d3-color/-/d3-color-3.1.2.tgz#7939eed011a908287cd1bcfd11580c17b2ac7f8a"
  integrity sha512-At+Ski7dL8Bs58E8g8vPcFJc8tGcaC12Z4m07+p41+DRqnZQcAlp3NfYjLrhNYv+zEyQitU1CUxXNjqUyf+c0g==

"@types/d3-contour@*":
  version "3.0.5"
  resolved "https://registry.yarnpkg.com/@types/d3-contour/-/d3-contour-3.0.5.tgz#3a94c5441847ddb787988c5328e9b407500300c3"
  integrity sha512-wLvjwdOQVd1NL1IcW90CCt1VtpeZ3V20p/OTXlkT8uAiprrJnq2PNNnRNe1QCez4U9aMU29Z14zpJQVLW1+Lcg==
  dependencies:
    "@types/d3-array" "*"
    "@types/geojson" "*"

"@types/d3-delaunay@*":
  version "6.0.3"
  resolved "https://registry.yarnpkg.com/@types/d3-delaunay/-/d3-delaunay-6.0.3.tgz#e306ff57327265418acb3bc9eaec1174a2d26371"
  integrity sha512-+Lf5NPKZ4JBC9tbudVkKceQXRxU3jJs0el9aKQvinMtdnFSOG84eVXyhCNgIFuXNQO3iIcYs7sgzN359FEOZnQ==

"@types/d3-dispatch@*":
  version "3.0.5"
  resolved "https://registry.yarnpkg.com/@types/d3-dispatch/-/d3-dispatch-3.0.5.tgz#918f37deaf74485371fa0ab21365ecb415258d89"
  integrity sha512-hxvq2kc+9hydVppo21JCGfcM0tLTh1DXnG3MLN0KlxsNZJH4bsdl1iXDuWtXFpWWlBrCMwSqlnoLPDxNAZU3Bg==

"@types/d3-drag@*":
  version "3.0.5"
  resolved "https://registry.yarnpkg.com/@types/d3-drag/-/d3-drag-3.0.5.tgz#4f599a9b99fb6b2c88b7517e06c1f79a6acebf04"
  integrity sha512-arHyAGvO0NEGGPCU2jTb31TlXeSxwty1bIxr5wOFOCVqVjgriXloLWXoRp39Oa0Y/qXxcAVMIonAWLrtLxUZAQ==
  dependencies:
    "@types/d3-selection" "*"

"@types/d3-dsv@*":
  version "3.0.5"
  resolved "https://registry.yarnpkg.com/@types/d3-dsv/-/d3-dsv-3.0.5.tgz#c12df56be81d0b457d167842fa87276d0d6eb880"
  integrity sha512-73WZR3QFOaSRVz9iOrebTbTnbo7xjcgS/i0Cq5zy0jMXPO3v/JbkTD3Zqii1eYE6v4EJ78g5VP407rm+p8fdlA==

"@types/d3-ease@*":
  version "3.0.1"
  resolved "https://registry.yarnpkg.com/@types/d3-ease/-/d3-ease-3.0.1.tgz#ef386d2f28602dba82206888047f97f7f7f7558a"
  integrity sha512-VZofjpEt8HWv3nxUAosj5o/+4JflnJ7Bbv07k17VO3T2WRuzGdZeookfaF60iVh5RdhVG49LE5w6LIshVUC6rg==

"@types/d3-fetch@*":
  version "3.0.5"
  resolved "https://registry.yarnpkg.com/@types/d3-fetch/-/d3-fetch-3.0.5.tgz#0bec3763a04d199ad8bce2756b6f6818ee188b32"
  integrity sha512-Rc8pb6H0RRLpAV2hEXduykUgcDUOhjSLTLmCIeo6ejzgs4SaITh/EteMb3p5Env3Hqjsqw0fCksyqopHHzMkMg==
  dependencies:
    "@types/d3-dsv" "*"

"@types/d3-force@*":
  version "3.0.7"
  resolved "https://registry.yarnpkg.com/@types/d3-force/-/d3-force-3.0.7.tgz#8b7e0cb02351e29382e53430bc3ccd5202da337c"
  integrity sha512-rsok4CEvPLyVWRPsFiBhanJc3up03H/EARVz4d8soPh8drv82YMuAckYy4yv8g4/81JwCng5U5/o9aj9d0T6bQ==

"@types/d3-format@*":
  version "3.0.3"
  resolved "https://registry.yarnpkg.com/@types/d3-format/-/d3-format-3.0.3.tgz#1edd7fb3f7c207c7ed0e0a95a9f329a57e76bd02"
  integrity sha512-kxuLXSAEJykTeL/EI3tUiEfGqru7PRdqEy099YBnqFl+fF167UVSB4+wntlZv86ZdoYf0DHjsRHnTIm8kcH7qw==

"@types/d3-geo@*":
  version "3.0.6"
  resolved "https://registry.yarnpkg.com/@types/d3-geo/-/d3-geo-3.0.6.tgz#138821c463c67551e1cc13729f0211986c5c3cce"
  integrity sha512-wblAES3b+C3hvp4VakwECEKtHquT/xc6K4HOna95LM1j1fd7s7WmU4V+JMQZfKhNCMkV2vWD+ZUgY2Uj6gqfuA==
  dependencies:
    "@types/geojson" "*"

"@types/d3-hierarchy@*":
  version "3.1.5"
  resolved "https://registry.yarnpkg.com/@types/d3-hierarchy/-/d3-hierarchy-3.1.5.tgz#307666c5aea5de800b843f54f3c1d3f81c334285"
  integrity sha512-DEcBUj1IL3WyPLDlh4m2nsNXnMLITXM5Vwcu4G85yJHtf2cVGPBjgky3L11WBnT+ayHKf06Tchk5mY1eGmd4WQ==

"@types/d3-interpolate@*":
  version "3.0.3"
  resolved "https://registry.yarnpkg.com/@types/d3-interpolate/-/d3-interpolate-3.0.3.tgz#e10c06c4bf11bd770ed56184a0d76cd516ff4ded"
  integrity sha512-6OZ2EIB4lLj+8cUY7I/Cgn9Q+hLdA4DjJHYOQDiHL0SzqS1K9DL5xIOVBSIHgF+tiuO9MU1D36qvdIvRDRPh+Q==
  dependencies:
    "@types/d3-color" "*"

"@types/d3-path@*":
  version "3.0.1"
  resolved "https://registry.yarnpkg.com/@types/d3-path/-/d3-path-3.0.1.tgz#6171c9e388904014764661a37613e3c4ab8df22d"
  integrity sha512-blRhp7ki7pVznM8k6lk5iUU9paDbVRVq+/xpf0RRgSJn5gr6SE7RcFtxooYGMBOc1RZiGyqRpVdu5AD0z0ooMA==

"@types/d3-polygon@*":
  version "3.0.1"
  resolved "https://registry.yarnpkg.com/@types/d3-polygon/-/d3-polygon-3.0.1.tgz#0aed3e82757054e31b2ba6c4ef535b554684a20f"
  integrity sha512-nrcWPk7B9qs6xnpq60Cls44zm9eDmFAv65qi/N/emh/oftnG6uYz49aIS0mdFaGeJxVN8H3pHneMuZMV8EwFdw==

"@types/d3-quadtree@*":
  version "3.0.4"
  resolved "https://registry.yarnpkg.com/@types/d3-quadtree/-/d3-quadtree-3.0.4.tgz#2047d35258b10c76dd29348e71c1d6fad9f4258b"
  integrity sha512-B725MopFDIOQ6njFbeOxIEf42HVO2Xv+FmcxQISdOKErvLbFqWz3Riu+OWujUYoogreqqyHBHcGGL/JzzXQYsw==

"@types/d3-random@*":
  version "3.0.2"
  resolved "https://registry.yarnpkg.com/@types/d3-random/-/d3-random-3.0.2.tgz#a48e02aac62417b5325ec0e5a63a8c3783ad75fc"
  integrity sha512-8QhsqkKs6mymAZMrg3ZFXPxKA34rdgp3ZrtB8o6mhFsKAd1gOvR1gocWnca+kmXypQdwgnzKm9gZE2Uw8NjjKw==

"@types/d3-scale-chromatic@*":
  version "3.0.1"
  resolved "https://registry.yarnpkg.com/@types/d3-scale-chromatic/-/d3-scale-chromatic-3.0.1.tgz#646c8cf9ce869fd316a5180bb7f862efa4e74123"
  integrity sha512-Ob7OrwiTeQXY/WBBbRHGZBOn6rH1h7y3jjpTSKYqDEeqFjktql6k2XSgNwLrLDmAsXhEn8P9NHDY4VTuo0ZY1w==

"@types/d3-scale@*":
  version "4.0.6"
  resolved "https://registry.yarnpkg.com/@types/d3-scale/-/d3-scale-4.0.6.tgz#9d221949f37b90b52696ec99f9b1e972d55fe10d"
  integrity sha512-lo3oMLSiqsQUovv8j15X4BNEDOsnHuGjeVg7GRbAuB2PUa1prK5BNSOu6xixgNf3nqxPl4I1BqJWrPvFGlQoGQ==
  dependencies:
    "@types/d3-time" "*"

"@types/d3-selection@*":
  version "3.0.8"
  resolved "https://registry.yarnpkg.com/@types/d3-selection/-/d3-selection-3.0.8.tgz#9423511db3ed00a55aad4217ac8d546db5d8e5f5"
  integrity sha512-pxCZUfQyedq/DIlPXIR5wE1mIH37omOdx1yxRudL3KZ4AC+156jMjOv1z5RVlGq62f8WX2kyO0hTVgEx627QFg==

"@types/d3-shape@*":
  version "3.1.4"
  resolved "https://registry.yarnpkg.com/@types/d3-shape/-/d3-shape-3.1.4.tgz#748a256d5e499cdfb3e48beca9c557f3ea0ff15c"
  integrity sha512-M2/xsWPsjaZc5ifMKp1EBp0gqJG0eO/zlldJNOC85Y/5DGsBQ49gDkRJ2h5GY7ZVD6KUumvZWsylSbvTaJTqKg==
  dependencies:
    "@types/d3-path" "*"

"@types/d3-time-format@*":
  version "4.0.2"
  resolved "https://registry.yarnpkg.com/@types/d3-time-format/-/d3-time-format-4.0.2.tgz#8b1c74e3f8f1bb2927d94de9bc18a85369898070"
  integrity sha512-wr08C1Gh77qaN8JIkrn5Rz/bdt5M9bdEqFmEOcYhUSq2t2sHvLTBfb4XAtGB3D4hm0ubj50NXWWXoXyp5tPXDg==

"@types/d3-time@*":
  version "3.0.2"
  resolved "https://registry.yarnpkg.com/@types/d3-time/-/d3-time-3.0.2.tgz#f4425b2ebcb04495a7b2390da03633ef1a8adbe5"
  integrity sha512-kbdRXTmUgNfw5OTE3KZnFQn6XdIc4QGroN5UixgdrXATmYsdlPQS6pEut9tVlIojtzuFD4txs/L+Rq41AHtLpg==

"@types/d3-timer@*":
  version "3.0.1"
  resolved "https://registry.yarnpkg.com/@types/d3-timer/-/d3-timer-3.0.1.tgz#8dac23292df0e559a3aa459d8efca78a734c3fbe"
  integrity sha512-GGTvzKccVEhxmRfJEB6zhY9ieT4UhGVUIQaBzFpUO9OXy2ycAlnPCSJLzmGGgqt3KVjqN3QCQB4g1rsZnHsWhg==

"@types/d3-transition@*":
  version "3.0.6"
  resolved "https://registry.yarnpkg.com/@types/d3-transition/-/d3-transition-3.0.6.tgz#141684ef8046f4dc5da2d5b015c497513eba541c"
  integrity sha512-K0To23B5UxNwFtKORnS5JoNYvw/DnknU5MzhHIS9czJ/lTqFFDeU6w9lArOdoTl0cZFNdNrMJSFCbRCEHccH2w==
  dependencies:
    "@types/d3-selection" "*"

"@types/d3-zoom@*":
  version "3.0.6"
  resolved "https://registry.yarnpkg.com/@types/d3-zoom/-/d3-zoom-3.0.6.tgz#deb4fca8a020e8b7b0e04d636d35f2ab3da1d431"
  integrity sha512-dGZQaXEu7aNcCL71LPpjB58IjoQNM9oDPfQuMUJ7N/fbkcIWGX2PnmUWO1jPJ+RLbZBpRUggJUX8twKRvo2hKQ==
  dependencies:
    "@types/d3-interpolate" "*"
    "@types/d3-selection" "*"

"@types/d3@^7.4.2":
  version "7.4.2"
  resolved "https://registry.yarnpkg.com/@types/d3/-/d3-7.4.2.tgz#2e9ccbec794b40e1ccac2dad2ba0642bf25b9a10"
  integrity sha512-Y4g2Yb30ZJmmtqAJTqMRaqXwRawfvpdpVmyEYEcyGNhrQI/Zvkq3k7yE1tdN07aFSmNBfvmegMQ9Fe2qy9ZMhw==
  dependencies:
    "@types/d3-array" "*"
    "@types/d3-axis" "*"
    "@types/d3-brush" "*"
    "@types/d3-chord" "*"
    "@types/d3-color" "*"
    "@types/d3-contour" "*"
    "@types/d3-delaunay" "*"
    "@types/d3-dispatch" "*"
    "@types/d3-drag" "*"
    "@types/d3-dsv" "*"
    "@types/d3-ease" "*"
    "@types/d3-fetch" "*"
    "@types/d3-force" "*"
    "@types/d3-format" "*"
    "@types/d3-geo" "*"
    "@types/d3-hierarchy" "*"
    "@types/d3-interpolate" "*"
    "@types/d3-path" "*"
    "@types/d3-polygon" "*"
    "@types/d3-quadtree" "*"
    "@types/d3-random" "*"
    "@types/d3-scale" "*"
    "@types/d3-scale-chromatic" "*"
    "@types/d3-selection" "*"
    "@types/d3-shape" "*"
    "@types/d3-time" "*"
    "@types/d3-time-format" "*"
    "@types/d3-timer" "*"
    "@types/d3-transition" "*"
    "@types/d3-zoom" "*"

"@types/dagre@^0.7.51":
  version "0.7.51"
  resolved "https://registry.yarnpkg.com/@types/dagre/-/dagre-0.7.51.tgz#6ec06532d3a21ae97584979f2f129f21b693b659"
  integrity sha512-OJtLXov4mK9wZ4/TkBqUM5OBCpIQvv+sT9FZFnM1Ais5yqHEMnDObGGPYYrQhkLVIKik/bD8o9WWn7YQfPkDlQ==

"@types/geojson@*":
  version "7946.0.12"
  resolved "https://registry.yarnpkg.com/@types/geojson/-/geojson-7946.0.12.tgz#0307536218d32e6b970bccd1d148b9c4e5b6f10d"
  integrity sha512-uK2z1ZHJyC0nQRbuovXFt4mzXDwf27vQeUWNhfKGwRcWW429GOhP8HxUHlM6TLH4bzmlv/HlEjpvJh3JfmGsAA==

"@types/prop-types@*":
  version "15.7.9"
  resolved "https://registry.yarnpkg.com/@types/prop-types/-/prop-types-15.7.9.tgz#b6f785caa7ea1fe4414d9df42ee0ab67f23d8a6d"
  integrity sha512-n1yyPsugYNSmHgxDFjicaI2+gCNjsBck8UX9kuofAKlc0h1bL+20oSF72KeNaW2DUlesbEVCFgyV2dPGTiY42g==

"@types/react-d3-graph@^2.6.6":
  version "2.6.6"
  resolved "https://registry.yarnpkg.com/@types/react-d3-graph/-/react-d3-graph-2.6.6.tgz#105f9c193242cdb29823b397b975f95aedf85dfa"
  integrity sha512-psPl2fpx9YByFMF870Ne3a2BGvGFOhZNl9f9sFm49MeSvkgNrj51MOzMd2/Ls57uCPRzSC7/m2HV2n7mEpc73g==
  dependencies:
    "@types/react" "*"

"@types/react-dom@^18.2.14":
  version "18.2.14"
  resolved "https://registry.yarnpkg.com/@types/react-dom/-/react-dom-18.2.14.tgz#c01ba40e5bb57fc1dc41569bb3ccdb19eab1c539"
  integrity sha512-V835xgdSVmyQmI1KLV2BEIUgqEuinxp9O4G6g3FqO/SqLac049E53aysv0oEFD2kHfejeKU+ZqL2bcFWj9gLAQ==
  dependencies:
    "@types/react" "*"

"@types/react@*", "@types/react@^18.2.33":
  version "18.2.33"
  resolved "https://registry.yarnpkg.com/@types/react/-/react-18.2.33.tgz#055356243dc4350a9ee6c6a2c07c5cae12e38877"
  integrity sha512-v+I7S+hu3PIBoVkKGpSYYpiBT1ijqEzWpzQD62/jm4K74hPpSP7FF9BnKG6+fg2+62weJYkkBWDJlZt5JO/9hg==
  dependencies:
    "@types/prop-types" "*"
    "@types/scheduler" "*"
    csstype "^3.0.2"

"@types/scheduler@*":
  version "0.16.5"
  resolved "https://registry.yarnpkg.com/@types/scheduler/-/scheduler-0.16.5.tgz#4751153abbf8d6199babb345a52e1eb4167d64af"
  integrity sha512-s/FPdYRmZR8SjLWGMCuax7r3qCWQw9QKHzXVukAuuIJkXkDRwp+Pu5LMIVFi0Fxbav35WURicYr8u1QsoybnQw==

commander@7:
  version "7.2.0"
  resolved "https://registry.yarnpkg.com/commander/-/commander-7.2.0.tgz#a36cb57d0b501ce108e4d20559a150a391d97ab7"
  integrity sha512-QrWXB+ZQSVPmIWIhtEO9H+gwHaMGYiF5ChvoJ+K9ZGHG/sVsa6yiesAD1GC/x46sET00Xlwo1u49RVVVzvcSkw==

create-serve@^1.0.1:
  version "1.0.1"
  resolved "https://registry.yarnpkg.com/create-serve/-/create-serve-1.0.1.tgz#a52ec4cbd2d0f776d3e42338fa1f0dae69080c59"
  integrity sha512-cDAmBGhkwolS7ihq7SnPE8KwjYUZl5FaI9Pq5ZBwNelSKvFR9OoAA4/B5BfB/NC+eYaykBpX9RVMfuU4DHtrPw==

csstype@^3.0.2:
  version "3.1.2"
  resolved "https://registry.yarnpkg.com/csstype/-/csstype-3.1.2.tgz#1d4bf9d572f11c14031f0436e1c10bc1f571f50b"
  integrity sha512-I7K1Uu0MBPzaFKg4nI5Q7Vs2t+3gWWW648spaF+Rg7pI9ds18Ugn+lvg4SHczUdKlHI5LWBXyqfS8+DufyBsgQ==

"d3-array@2 - 3", "d3-array@2.10.0 - 3", "d3-array@2.5.0 - 3", d3-array@3, d3-array@^3.2.0:
  version "3.2.4"
  resolved "https://registry.yarnpkg.com/d3-array/-/d3-array-3.2.4.tgz#15fec33b237f97ac5d7c986dc77da273a8ed0bb5"
  integrity sha512-tdQAmyA18i4J7wprpYq8ClcxZy3SC31QMeByyCFyRt7BVHdREQZ5lpzoe5mFEYZUWe+oq8HBvk9JjpibyEV4Jg==
  dependencies:
    internmap "1 - 2"

d3-axis@3:
  version "3.0.0"
  resolved "https://registry.yarnpkg.com/d3-axis/-/d3-axis-3.0.0.tgz#c42a4a13e8131d637b745fc2973824cfeaf93322"
  integrity sha512-IH5tgjV4jE/GhHkRV0HiVYPDtvfjHQlQfJHs0usq7M30XcSBvOotpmH1IgkcXsO/5gEQZD43B//fc7SRT5S+xw==

d3-brush@3:
  version "3.0.0"
  resolved "https://registry.yarnpkg.com/d3-brush/-/d3-brush-3.0.0.tgz#6f767c4ed8dcb79de7ede3e1c0f89e63ef64d31c"
  integrity sha512-ALnjWlVYkXsVIGlOsuWH1+3udkYFI48Ljihfnh8FZPF2QS9o+PzGLBslO0PjzVoHLZ2KCVgAM8NVkXPJB2aNnQ==
  dependencies:
    d3-dispatch "1 - 3"
    d3-drag "2 - 3"
    d3-interpolate "1 - 3"
    d3-selection "3"
    d3-transition "3"

d3-chord@3:
  version "3.0.1"
  resolved "https://registry.yarnpkg.com/d3-chord/-/d3-chord-3.0.1.tgz#d156d61f485fce8327e6abf339cb41d8cbba6966"
  integrity sha512-VE5S6TNa+j8msksl7HwjxMHDM2yNK3XCkusIlpX5kwauBfXuyLAtNg9jCp/iHH61tgI4sb6R/EIMWCqEIdjT/g==
  dependencies:
    d3-path "1 - 3"

"d3-color@1 - 3", d3-color@3:
  version "3.1.0"
  resolved "https://registry.yarnpkg.com/d3-color/-/d3-color-3.1.0.tgz#395b2833dfac71507f12ac2f7af23bf819de24e2"
  integrity sha512-zg/chbXyeBtMQ1LbD/WSoW2DpC3I0mpmPdW+ynRTj/x2DAWYrIY7qeZIHidozwV24m4iavr15lNwIwLxRmOxhA==

d3-contour@4:
  version "4.0.2"
  resolved "https://registry.yarnpkg.com/d3-contour/-/d3-contour-4.0.2.tgz#bb92063bc8c5663acb2422f99c73cbb6c6ae3bcc"
  integrity sha512-4EzFTRIikzs47RGmdxbeUvLWtGedDUNkTcmzoeyg4sP/dvCexO47AaQL7VKy/gul85TOxw+IBgA8US2xwbToNA==
  dependencies:
    d3-array "^3.2.0"

d3-delaunay@6:
  version "6.0.4"
  resolved "https://registry.yarnpkg.com/d3-delaunay/-/d3-delaunay-6.0.4.tgz#98169038733a0a5babbeda55054f795bb9e4a58b"
  integrity sha512-mdjtIZ1XLAM8bm/hx3WwjfHt6Sggek7qH043O8KEjDXN40xi3vx/6pYSVTwLjEgiXQTbvaouWKynLBiUZ6SK6A==
  dependencies:
    delaunator "5"

"d3-dispatch@1 - 3", d3-dispatch@3:
  version "3.0.1"
  resolved "https://registry.yarnpkg.com/d3-dispatch/-/d3-dispatch-3.0.1.tgz#5fc75284e9c2375c36c839411a0cf550cbfc4d5e"
  integrity sha512-rzUyPU/S7rwUflMyLc1ETDeBj0NRuHKKAcvukozwhshr6g6c5d8zh4c2gQjY2bZ0dXeGLWc1PF174P2tVvKhfg==

"d3-drag@2 - 3", d3-drag@3:
  version "3.0.0"
  resolved "https://registry.yarnpkg.com/d3-drag/-/d3-drag-3.0.0.tgz#994aae9cd23c719f53b5e10e3a0a6108c69607ba"
  integrity sha512-pWbUJLdETVA8lQNJecMxoXfH6x+mO2UQo8rSmZ+QqxcbyA3hfeprFgIT//HW2nlHChWeIIMwS2Fq+gEARkhTkg==
  dependencies:
    d3-dispatch "1 - 3"
    d3-selection "3"

"d3-dsv@1 - 3", d3-dsv@3:
  version "3.0.1"
  resolved "https://registry.yarnpkg.com/d3-dsv/-/d3-dsv-3.0.1.tgz#c63af978f4d6a0d084a52a673922be2160789b73"
  integrity sha512-UG6OvdI5afDIFP9w4G0mNq50dSOsXHJaRE8arAS5o9ApWnIElp8GZw1Dun8vP8OyHOZ/QJUKUJwxiiCCnUwm+Q==
  dependencies:
    commander "7"
    iconv-lite "0.6"
    rw "1"

"d3-ease@1 - 3", d3-ease@3:
  version "3.0.1"
  resolved "https://registry.yarnpkg.com/d3-ease/-/d3-ease-3.0.1.tgz#9658ac38a2140d59d346160f1f6c30fda0bd12f4"
  integrity sha512-wR/XK3D3XcLIZwpbvQwQ5fK+8Ykds1ip7A2Txe0yxncXSdq1L9skcG7blcedkOX+ZcgxGAmLX1FrRGbADwzi0w==

d3-fetch@3:
  version "3.0.1"
  resolved "https://registry.yarnpkg.com/d3-fetch/-/d3-fetch-3.0.1.tgz#83141bff9856a0edb5e38de89cdcfe63d0a60a22"
  integrity sha512-kpkQIM20n3oLVBKGg6oHrUchHM3xODkTzjMoj7aWQFq5QEM+R6E4WkzT5+tojDY7yjez8KgCBRoj4aEr99Fdqw==
  dependencies:
    d3-dsv "1 - 3"

d3-force@3:
  version "3.0.0"
  resolved "https://registry.yarnpkg.com/d3-force/-/d3-force-3.0.0.tgz#3e2ba1a61e70888fe3d9194e30d6d14eece155c4"
  integrity sha512-zxV/SsA+U4yte8051P4ECydjD/S+qeYtnaIyAs9tgHCqfguma/aAQDjo85A9Z6EKhBirHRJHXIgJUlffT4wdLg==
  dependencies:
    d3-dispatch "1 - 3"
    d3-quadtree "1 - 3"
    d3-timer "1 - 3"

"d3-format@1 - 3", d3-format@3:
  version "3.1.0"
  resolved "https://registry.yarnpkg.com/d3-format/-/d3-format-3.1.0.tgz#9260e23a28ea5cb109e93b21a06e24e2ebd55641"
  integrity sha512-YyUI6AEuY/Wpt8KWLgZHsIU86atmikuoOmCfommt0LYHiQSPjvX2AcFc38PX0CBpr2RCyZhjex+NS/LPOv6YqA==

d3-geo@3:
  version "3.1.0"
  resolved "https://registry.yarnpkg.com/d3-geo/-/d3-geo-3.1.0.tgz#74fd54e1f4cebd5185ac2039217a98d39b0a4c0e"
  integrity sha512-JEo5HxXDdDYXCaWdwLRt79y7giK8SbhZJbFWXqbRTolCHFI5jRqteLzCsq51NKbUoX0PjBVSohxrx+NoOUujYA==
  dependencies:
    d3-array "2.5.0 - 3"

d3-hierarchy@3:
  version "3.1.2"
  resolved "https://registry.yarnpkg.com/d3-hierarchy/-/d3-hierarchy-3.1.2.tgz#b01cd42c1eed3d46db77a5966cf726f8c09160c6"
  integrity sha512-FX/9frcub54beBdugHjDCdikxThEqjnR93Qt7PvQTOHxyiNCAlvMrHhclk3cD5VeAaq9fxmfRp+CnWw9rEMBuA==

"d3-interpolate@1 - 3", "d3-interpolate@1.2.0 - 3", d3-interpolate@3:
  version "3.0.1"
  resolved "https://registry.yarnpkg.com/d3-interpolate/-/d3-interpolate-3.0.1.tgz#3c47aa5b32c5b3dfb56ef3fd4342078a632b400d"
  integrity sha512-3bYs1rOD33uo8aqJfKP3JWPAibgw8Zm2+L9vBKEHJ2Rg+viTR7o5Mmv5mZcieN+FRYaAOWX5SJATX6k1PWz72g==
  dependencies:
    d3-color "1 - 3"

"d3-path@1 - 3", d3-path@3, d3-path@^3.1.0:
  version "3.1.0"
  resolved "https://registry.yarnpkg.com/d3-path/-/d3-path-3.1.0.tgz#22df939032fb5a71ae8b1800d61ddb7851c42526"
  integrity sha512-p3KP5HCf/bvjBSSKuXid6Zqijx7wIfNW+J/maPs+iwR35at5JCbLUT0LzF1cnjbCHWhqzQTIN2Jpe8pRebIEFQ==

d3-polygon@3:
  version "3.0.1"
  resolved "https://registry.yarnpkg.com/d3-polygon/-/d3-polygon-3.0.1.tgz#0b45d3dd1c48a29c8e057e6135693ec80bf16398"
  integrity sha512-3vbA7vXYwfe1SYhED++fPUQlWSYTTGmFmQiany/gdbiWgU/iEyQzyymwL9SkJjFFuCS4902BSzewVGsHHmHtXg==

"d3-quadtree@1 - 3", d3-quadtree@3:
  version "3.0.1"
  resolved "https://registry.yarnpkg.com/d3-quadtree/-/d3-quadtree-3.0.1.tgz#6dca3e8be2b393c9a9d514dabbd80a92deef1a4f"
  integrity sha512-04xDrxQTDTCFwP5H6hRhsRcb9xxv2RzkcsygFzmkSIOJy3PeRJP7sNk3VRIbKXcog561P9oU0/rVH6vDROAgUw==

d3-random@3:
  version "3.0.1"
  resolved "https://registry.yarnpkg.com/d3-random/-/d3-random-3.0.1.tgz#d4926378d333d9c0bfd1e6fa0194d30aebaa20f4"
  integrity sha512-FXMe9GfxTxqd5D6jFsQ+DJ8BJS4E/fT5mqqdjovykEB2oFbTMDVdg1MGFxfQW+FBOGoB++k8swBrgwSHT1cUXQ==

d3-scale-chromatic@3:
  version "3.0.0"
  resolved "https://registry.yarnpkg.com/d3-scale-chromatic/-/d3-scale-chromatic-3.0.0.tgz#15b4ceb8ca2bb0dcb6d1a641ee03d59c3b62376a"
  integrity sha512-Lx9thtxAKrO2Pq6OO2Ua474opeziKr279P/TKZsMAhYyNDD3EnCffdbgeSYN5O7m2ByQsxtuP2CSDczNUIZ22g==
  dependencies:
    d3-color "1 - 3"
    d3-interpolate "1 - 3"

d3-scale@4:
  version "4.0.2"
  resolved "https://registry.yarnpkg.com/d3-scale/-/d3-scale-4.0.2.tgz#82b38e8e8ff7080764f8dcec77bd4be393689396"
  integrity sha512-GZW464g1SH7ag3Y7hXjf8RoUuAFIqklOAq3MRl4OaWabTFJY9PN/E1YklhXLh+OQ3fM9yS2nOkCoS+WLZ6kvxQ==
  dependencies:
    d3-array "2.10.0 - 3"
    d3-format "1 - 3"
    d3-interpolate "1.2.0 - 3"
    d3-time "2.1.1 - 3"
    d3-time-format "2 - 4"

"d3-selection@2 - 3", d3-selection@3:
  version "3.0.0"
  resolved "https://registry.yarnpkg.com/d3-selection/-/d3-selection-3.0.0.tgz#c25338207efa72cc5b9bd1458a1a41901f1e1b31"
  integrity sha512-fmTRWbNMmsmWq6xJV8D19U/gw/bwrHfNXxrIN+HfZgnzqTHp9jOmKMhsTUjXOJnZOdZY9Q28y4yebKzqDKlxlQ==

d3-shape@3:
  version "3.2.0"
  resolved "https://registry.yarnpkg.com/d3-shape/-/d3-shape-3.2.0.tgz#a1a839cbd9ba45f28674c69d7f855bcf91dfc6a5"
  integrity sha512-SaLBuwGm3MOViRq2ABk3eLoxwZELpH6zhl3FbAoJ7Vm1gofKx6El1Ib5z23NUEhF9AsGl7y+dzLe5Cw2AArGTA==
  dependencies:
    d3-path "^3.1.0"

"d3-time-format@2 - 4", d3-time-format@4:
  version "4.1.0"
  resolved "https://registry.yarnpkg.com/d3-time-format/-/d3-time-format-4.1.0.tgz#7ab5257a5041d11ecb4fe70a5c7d16a195bb408a"
  integrity sha512-dJxPBlzC7NugB2PDLwo9Q8JiTR3M3e4/XANkreKSUxF8vvXKqm1Yfq4Q5dl8budlunRVlUUaDUgFt7eA8D6NLg==
  dependencies:
    d3-time "1 - 3"

"d3-time@1 - 3", "d3-time@2.1.1 - 3", d3-time@3:
  version "3.1.0"
  resolved "https://registry.yarnpkg.com/d3-time/-/d3-time-3.1.0.tgz#9310db56e992e3c0175e1ef385e545e48a9bb5c7"
  integrity sha512-VqKjzBLejbSMT4IgbmVgDjpkYrNWUYJnbCGo874u7MMKIWsILRX+OpX/gTk8MqjpT1A/c6HY2dCA77ZN0lkQ2Q==
  dependencies:
    d3-array "2 - 3"

"d3-timer@1 - 3", d3-timer@3:
  version "3.0.1"
  resolved "https://registry.yarnpkg.com/d3-timer/-/d3-timer-3.0.1.tgz#6284d2a2708285b1abb7e201eda4380af35e63b0"
  integrity sha512-ndfJ/JxxMd3nw31uyKoY2naivF+r29V+Lc0svZxe1JvvIRmi8hUsrMvdOwgS1o6uBHmiz91geQ0ylPP0aj1VUA==

"d3-transition@2 - 3", d3-transition@3:
  version "3.0.1"
  resolved "https://registry.yarnpkg.com/d3-transition/-/d3-transition-3.0.1.tgz#6869fdde1448868077fdd5989200cb61b2a1645f"
  integrity sha512-ApKvfjsSR6tg06xrL434C0WydLr7JewBB3V+/39RMHsaXTOG0zmt/OAXeng5M5LBm0ojmxJrpomQVZ1aPvBL4w==
  dependencies:
    d3-color "1 - 3"
    d3-dispatch "1 - 3"
    d3-ease "1 - 3"
    d3-interpolate "1 - 3"
    d3-timer "1 - 3"

d3-zoom@3:
  version "3.0.0"
  resolved "https://registry.yarnpkg.com/d3-zoom/-/d3-zoom-3.0.0.tgz#d13f4165c73217ffeaa54295cd6969b3e7aee8f3"
  integrity sha512-b8AmV3kfQaqWAuacbPuNbL6vahnOJflOhexLzMMNLga62+/nh0JzvJ0aO/5a5MVgUFGS7Hu1P9P03o3fJkDCyw==
  dependencies:
    d3-dispatch "1 - 3"
    d3-drag "2 - 3"
    d3-interpolate "1 - 3"
    d3-selection "2 - 3"
    d3-transition "2 - 3"

d3@^7.8.5:
  version "7.8.5"
  resolved "https://registry.yarnpkg.com/d3/-/d3-7.8.5.tgz#fde4b760d4486cdb6f0cc8e2cbff318af844635c"
  integrity sha512-JgoahDG51ncUfJu6wX/1vWQEqOflgXyl4MaHqlcSruTez7yhaRKR9i8VjjcQGeS2en/jnFivXuaIMnseMMt0XA==
  dependencies:
    d3-array "3"
    d3-axis "3"
    d3-brush "3"
    d3-chord "3"
    d3-color "3"
    d3-contour "4"
    d3-delaunay "6"
    d3-dispatch "3"
    d3-drag "3"
    d3-dsv "3"
    d3-ease "3"
    d3-fetch "3"
    d3-force "3"
    d3-format "3"
    d3-geo "3"
    d3-hierarchy "3"
    d3-interpolate "3"
    d3-path "3"
    d3-polygon "3"
    d3-quadtree "3"
    d3-random "3"
    d3-scale "4"
    d3-scale-chromatic "3"
    d3-selection "3"
    d3-shape "3"
    d3-time "3"
    d3-time-format "4"
    d3-timer "3"
    d3-transition "3"
    d3-zoom "3"

dagre@^0.8.5:
  version "0.8.5"
  resolved "https://registry.yarnpkg.com/dagre/-/dagre-0.8.5.tgz#ba30b0055dac12b6c1fcc247817442777d06afee"
  integrity sha512-/aTqmnRta7x7MCCpExk7HQL2O4owCT2h8NT//9I1OQ9vt29Pa0BzSAkR5lwFUcQ7491yVi/3CXU9jQ5o0Mn2Sw==
  dependencies:
    graphlib "^2.1.8"
    lodash "^4.17.15"

delaunator@5:
  version "5.0.0"
  resolved "https://registry.yarnpkg.com/delaunator/-/delaunator-5.0.0.tgz#60f052b28bd91c9b4566850ebf7756efe821d81b"
  integrity sha512-AyLvtyJdbv/U1GkiS6gUUzclRoAY4Gs75qkMygJJhU75LW4DNuSF2RMzpxs9jw9Oz1BobHjTdkG3zdP55VxAqw==
  dependencies:
    robust-predicates "^3.0.0"

esbuild-serve@^1.0.1:
  version "1.0.1"
  resolved "https://registry.yarnpkg.com/esbuild-serve/-/esbuild-serve-1.0.1.tgz#c388c8ff184477ec6b6278d615da8d3177e5174f"
  integrity sha512-VvYDThNuwg+YAuZC+RqAgw9TpEVGoDdcvm2mTL0lU+TxDXr+QGZfJ+zc6m7cXeJ940qijvdTSZl3mQbRGN4/PA==
  dependencies:
    create-serve "^1.0.1"
    esbuild "^0.9.0"

esbuild@^0.19.5:
  version "0.19.5"
  resolved "https://registry.yarnpkg.com/esbuild/-/esbuild-0.19.5.tgz#53a0e19dfbf61ba6c827d51a80813cf071239a8c"
  integrity sha512-bUxalY7b1g8vNhQKdB24QDmHeY4V4tw/s6Ak5z+jJX9laP5MoQseTOMemAr0gxssjNcH0MCViG8ONI2kksvfFQ==
  optionalDependencies:
    "@esbuild/android-arm" "0.19.5"
    "@esbuild/android-arm64" "0.19.5"
    "@esbuild/android-x64" "0.19.5"
    "@esbuild/darwin-arm64" "0.19.5"
    "@esbuild/darwin-x64" "0.19.5"
    "@esbuild/freebsd-arm64" "0.19.5"
    "@esbuild/freebsd-x64" "0.19.5"
    "@esbuild/linux-arm" "0.19.5"
    "@esbuild/linux-arm64" "0.19.5"
    "@esbuild/linux-ia32" "0.19.5"
    "@esbuild/linux-loong64" "0.19.5"
    "@esbuild/linux-mips64el" "0.19.5"
    "@esbuild/linux-ppc64" "0.19.5"
    "@esbuild/linux-riscv64" "0.19.5"
    "@esbuild/linux-s390x" "0.19.5"
    "@esbuild/linux-x64" "0.19.5"
    "@esbuild/netbsd-x64" "0.19.5"
    "@esbuild/openbsd-x64" "0.19.5"
    "@esbuild/sunos-x64" "0.19.5"
    "@esbuild/win32-arm64" "0.19.5"
    "@esbuild/win32-ia32" "0.19.5"
    "@esbuild/win32-x64" "0.19.5"

esbuild@^0.9.0:
  version "0.9.7"
  resolved "https://registry.yarnpkg.com/esbuild/-/esbuild-0.9.7.tgz#ea0d639cbe4b88ec25fbed4d6ff00c8d788ef70b"
  integrity sha512-VtUf6aQ89VTmMLKrWHYG50uByMF4JQlVysb8dmg6cOgW8JnFCipmz7p+HNBl+RR3LLCuBxFGVauAe2wfnF9bLg==

escape-string-regexp@^4.0.0:
  version "4.0.0"
  resolved "https://registry.yarnpkg.com/escape-string-regexp/-/escape-string-regexp-4.0.0.tgz#14ba83a5d373e3d311e5afca29cf5bfad965bf34"
  integrity sha512-TtpcNJ3XAzx3Gq8sWRzJaVajRs0uVxA2YAkdb1jm2YkPz4G6egUFAyA3n5vtEIZefPk5Wa4UXbKuS5fKkJWdgA==

estree-walker@^0.6.1:
  version "0.6.1"
  resolved "https://registry.yarnpkg.com/estree-walker/-/estree-walker-0.6.1.tgz#53049143f40c6eb918b23671d1fe3219f3a1b362"
  integrity sha512-SqmZANLWS0mnatqbSfRP5g8OXZC12Fgg1IwNtLsyHDzJizORW4khDfjPqJZsemPWBB2uqykUah5YpQ6epsqC/w==

graphlib@^2.1.8:
  version "2.1.8"
  resolved "https://registry.yarnpkg.com/graphlib/-/graphlib-2.1.8.tgz#5761d414737870084c92ec7b5dbcb0592c9d35da"
  integrity sha512-jcLLfkpoVGmH7/InMC/1hIvOPSUh38oJtGhvrOFGzioE1DZ+0YW16RgmOJhHiuWTvGiJQ9Z1Ik43JvkRPRvE+A==
  dependencies:
    lodash "^4.17.15"

iconv-lite@0.6:
  version "0.6.3"
  resolved "https://registry.yarnpkg.com/iconv-lite/-/iconv-lite-0.6.3.tgz#a52f80bf38da1952eb5c681790719871a1a72501"
  integrity sha512-4fCk79wshMdzMp2rH06qWrJE4iolqLhCUH+OiuIgU++RB0+94NlDL81atO7GX55uUKueo0txHNtvEyI6D7WdMw==
  dependencies:
    safer-buffer ">= 2.1.2 < 3.0.0"

"internmap@1 - 2":
  version "2.0.3"
  resolved "https://registry.yarnpkg.com/internmap/-/internmap-2.0.3.tgz#6685f23755e43c524e251d29cbc97248e3061009"
  integrity sha512-5Hh7Y1wQbvY5ooGgPbDaL5iYLAPzMTUrjMulskHLH6wnv/A+1q5rgEaiuqEjB+oxGXIVZs1FF+R/KPN3ZSQYYg==

"js-tokens@^3.0.0 || ^4.0.0":
  version "4.0.0"
  resolved "https://registry.yarnpkg.com/js-tokens/-/js-tokens-4.0.0.tgz#19203fb59991df98e3a287050d4647cdeaf32499"
  integrity sha512-RdJUflcE3cUzKiMqQgsCu06FPu9UdIJO0beYbPhHN4k6apgJtifcoCtT9bcxOpYBtpD2kCM6Sbzg4CausW/PKQ==

lodash@^4.17.15:
  version "4.17.21"
  resolved "https://registry.yarnpkg.com/lodash/-/lodash-4.17.21.tgz#679591c564c3bffaae8454cf0b3df370c3d6911c"
  integrity sha512-v2kDEe57lecTulaDIuNTPy3Ry4gLGJ6Z1O3vE1krgXZNrsQ+LFTGHVxVjcXPs17LhbZVGedAJv8XZ1tvj5FvSg==

loose-envify@^1.1.0:
  version "1.4.0"
  resolved "https://registry.yarnpkg.com/loose-envify/-/loose-envify-1.4.0.tgz#71ee51fa7be4caec1a63839f7e682d8132d30caf"
  integrity sha512-lyuxPGr/Wfhrlem2CL/UcnUc1zcqKAImBDzukY7Y5F/yQiNdko6+fRLevlw1HgMySw7f611UIY408EtxRSoK3Q==
  dependencies:
    js-tokens "^3.0.0 || ^4.0.0"

magic-string@^0.25.3:
  version "0.25.9"
  resolved "https://registry.yarnpkg.com/magic-string/-/magic-string-0.25.9.tgz#de7f9faf91ef8a1c91d02c2e5314c8277dbcdd1c"
  integrity sha512-RmF0AsMzgt25qzqqLc1+MbHmhdx0ojF2Fvs4XnOqz2ZOBXzzkEwc/dJQZCYHAn7v1jbVOjAZfK8msRn4BxO4VQ==
  dependencies:
    sourcemap-codec "^1.4.8"

react-d3-graph@^2.6.0:
  version "2.6.0"
  resolved "https://registry.yarnpkg.com/react-d3-graph/-/react-d3-graph-2.6.0.tgz#b994131e430b568e086970560ba8a26809113173"
  integrity sha512-U72didZuPuYEqAi1n2bJvnph+9MviIw2x9I0eoxb1IKk3cyEwsJV96n3RL72z/7HDsa1FOvDKuOJE7ujSNZB/Q==

react-dom@^18.2.0:
  version "18.2.0"
  resolved "https://registry.yarnpkg.com/react-dom/-/react-dom-18.2.0.tgz#22aaf38708db2674ed9ada224ca4aa708d821e3d"
  integrity sha512-6IMTriUmvsjHUjNtEDudZfuDQUoWXVxKHhlEGSk81n4YFS+r/Kl99wXiwlVXtPBtJenozv2P+hxDsw9eA7Xo6g==
  dependencies:
    loose-envify "^1.1.0"
    scheduler "^0.23.0"

react-refresh@^0.14.0:
  version "0.14.0"
  resolved "https://registry.yarnpkg.com/react-refresh/-/react-refresh-0.14.0.tgz#4e02825378a5f227079554d4284889354e5f553e"
  integrity sha512-wViHqhAd8OHeLS/IRMJjTSDHF3U9eWi62F/MledQGPdJGDhodXJ9PBLNGr6WWL7qlH12Mt3TyTpbS+hGXMjCzQ==

react@^18.2.0:
  version "18.2.0"
  resolved "https://registry.yarnpkg.com/react/-/react-18.2.0.tgz#555bd98592883255fa00de14f1151a917b5d77d5"
  integrity sha512-/3IjMdb2L9QbBdWiW5e3P2/npwMBaU9mHCSCUzNln0ZCYbcfTsGbTJrU/kGemdH2IWmB2ioZ+zkxtmq6g09fGQ==
  dependencies:
    loose-envify "^1.1.0"

robust-predicates@^3.0.0:
  version "3.0.2"
  resolved "https://registry.yarnpkg.com/robust-predicates/-/robust-predicates-3.0.2.tgz#d5b28528c4824d20fc48df1928d41d9efa1ad771"
  integrity sha512-IXgzBWvWQwE6PrDI05OvmXUIruQTcoMDzRsOd5CDvHCVLcLHMTSYvOK5Cm46kWqlV3yAbuSpBZdJ5oP5OUoStg==

rollup-plugin-inject@^3.0.0:
  version "3.0.2"
  resolved "https://registry.yarnpkg.com/rollup-plugin-inject/-/rollup-plugin-inject-3.0.2.tgz#e4233855bfba6c0c12a312fd6649dff9a13ee9f4"
  integrity sha512-ptg9PQwzs3orn4jkgXJ74bfs5vYz1NCZlSQMBUA0wKcGp5i5pA1AO3fOUEte8enhGUC+iapTCzEWw2jEFFUO/w==
  dependencies:
    estree-walker "^0.6.1"
    magic-string "^0.25.3"
    rollup-pluginutils "^2.8.1"

rollup-plugin-node-polyfills@^0.2.1:
  version "0.2.1"
  resolved "https://registry.yarnpkg.com/rollup-plugin-node-polyfills/-/rollup-plugin-node-polyfills-0.2.1.tgz#53092a2744837164d5b8a28812ba5f3ff61109fd"
  integrity sha512-4kCrKPTJ6sK4/gLL/U5QzVT8cxJcofO0OU74tnB19F40cmuAKSzH5/siithxlofFEjwvw1YAhPmbvGNA6jEroA==
  dependencies:
    rollup-plugin-inject "^3.0.0"

rollup-pluginutils@^2.8.1:
  version "2.8.2"
  resolved "https://registry.yarnpkg.com/rollup-pluginutils/-/rollup-pluginutils-2.8.2.tgz#72f2af0748b592364dbd3389e600e5a9444a351e"
  integrity sha512-EEp9NhnUkwY8aif6bxgovPHMoMoNr2FulJziTndpt5H9RdwC47GSGuII9XxpSdzVGM0GWrNPHV6ie1LTNJPaLQ==
  dependencies:
    estree-walker "^0.6.1"

rw@1:
  version "1.3.3"
  resolved "https://registry.yarnpkg.com/rw/-/rw-1.3.3.tgz#3f862dfa91ab766b14885ef4d01124bfda074fb4"
  integrity sha512-PdhdWy89SiZogBLaw42zdeqtRJ//zFd2PgQavcICDUgJT5oW10QCRKbJ6bg4r0/UY2M6BWd5tkxuGFRvCkgfHQ==

"safer-buffer@>= 2.1.2 < 3.0.0":
  version "2.1.2"
  resolved "https://registry.yarnpkg.com/safer-buffer/-/safer-buffer-2.1.2.tgz#44fa161b0187b9549dd84bb91802f9bd8385cd6a"
  integrity sha512-YZo3K82SD7Riyi0E1EQPojLz7kpepnSQI9IyPbHHg1XXXevb5dJI7tpyN2ADxGcQbHG7vcyRHk0cbwqcQriUtg==

scheduler@^0.23.0:
  version "0.23.0"
  resolved "https://registry.yarnpkg.com/scheduler/-/scheduler-0.23.0.tgz#ba8041afc3d30eb206a487b6b384002e4e61fdfe"
  integrity sha512-CtuThmgHNg7zIZWAXi3AsyIzA3n4xx7aNyjwC2VJldO2LMVDhFK+63xGqq6CsJH4rTAt6/M+N4GhZiDYPx9eUw==
  dependencies:
    loose-envify "^1.1.0"

sourcemap-codec@^1.4.8:
  version "1.4.8"
  resolved "https://registry.yarnpkg.com/sourcemap-codec/-/sourcemap-codec-1.4.8.tgz#ea804bd94857402e6992d05a38ef1ae35a9ab4c4"
  integrity sha512-9NykojV5Uih4lgo5So5dtw+f0JgJX30KCNI8gwhz2J9A15wD0Ml6tjHKwf6fTSa6fAdVBdZeNOs9eJ71qCk8vA==

typescript@^5.2.2:
  version "5.2.2"
  resolved "https://registry.yarnpkg.com/typescript/-/typescript-5.2.2.tgz#5ebb5e5a5b75f085f22bc3f8460fba308310fa78"
  integrity sha512-mI4WrpHsbCIcwT9cF4FZvr80QUeKvsUsUvKDoR+X/7XHQH98xYD8YHZg7ANtz2GtZt/CBq2QJ0thkGJMHfqc1w==
